{
  "name": "thebizgift",
  "version": "1.0.0",
  "lockfileVersion": 3,
  "requires": true,
  "packages": {
    "": {
      "name": "thebizgift",
      "dependencies": {
        "@vercel/analytics": "^1.4.1",
        "@vercel/blob": "^2.6.1",
        "@vercel/speed-insights": "^2.0.0"
      },
      "devDependencies": {
        "csv-parse": "^7.0.1"
      }
    }
  }
}